
Microsoft Visual Studio Solution File, Format Version 12.00
Project("{FAE04EC0-301F-11D3-BF4B-00C04F79EFBC}") = "TutorProject.Account.Common", "TutorProject.Account.Common\TutorProject.Account.Common.csproj", "{E56C0039-28FB-4F17-A055-FE9E10EFE7CA}"
EndProject
Project("{FAE04EC0-301F-11D3-BF4B-00C04F79EFBC}") = "TutorProject.Account.Web", "TutorProject.Account.Web\TutorProject.Account.Web.csproj", "{73A27464-AB86-400F-9C7E-F27774270B1E}"
EndProject
Project("{FAE04EC0-301F-11D3-BF4B-00C04F79EFBC}") = "TutorProject.Account.BLL", "TutorProject.Account.BLL\TutorProject.Account.BLL.csproj", "{5263382F-691F-4A82-9E08-B09681DA194D}"
EndProject
Project("{2150E333-8FDC-42A3-9474-1A3956D46DE8}") = "Docs", "Docs", "{3DCD60DD-7D8A-4F58-8102-E47B10BE45B1}"
	ProjectSection(SolutionItems) = preProject
		Sequence.puml = Sequence.puml
	EndProjectSection
EndProject
Global
	GlobalSection(SolutionConfigurationPlatforms) = preSolution
		Debug|Any CPU = Debug|Any CPU
		Release|Any CPU = Release|Any CPU
	EndGlobalSection
	GlobalSection(ProjectConfigurationPlatforms) = postSolution
		{E56C0039-28FB-4F17-A055-FE9E10EFE7CA}.Debug|Any CPU.ActiveCfg = Debug|Any CPU
		{E56C0039-28FB-4F17-A055-FE9E10EFE7CA}.Debug|Any CPU.Build.0 = Debug|Any CPU
		{E56C0039-28FB-4F17-A055-FE9E10EFE7CA}.Release|Any CPU.ActiveCfg = Release|Any CPU
		{E56C0039-28FB-4F17-A055-FE9E10EFE7CA}.Release|Any CPU.Build.0 = Release|Any CPU
		{73A27464-AB86-400F-9C7E-F27774270B1E}.Debug|Any CPU.ActiveCfg = Debug|Any CPU
		{73A27464-AB86-400F-9C7E-F27774270B1E}.Debug|Any CPU.Build.0 = Debug|Any CPU
		{73A27464-AB86-400F-9C7E-F27774270B1E}.Release|Any CPU.ActiveCfg = Release|Any CPU
		{73A27464-AB86-400F-9C7E-F27774270B1E}.Release|Any CPU.Build.0 = Release|Any CPU
		{5263382F-691F-4A82-9E08-B09681DA194D}.Debug|Any CPU.ActiveCfg = Debug|Any CPU
		{5263382F-691F-4A82-9E08-B09681DA194D}.Debug|Any CPU.Build.0 = Debug|Any CPU
		{5263382F-691F-4A82-9E08-B09681DA194D}.Release|Any CPU.ActiveCfg = Release|Any CPU
		{5263382F-691F-4A82-9E08-B09681DA194D}.Release|Any CPU.Build.0 = Release|Any CPU
	EndGlobalSection
	GlobalSection(NestedProjects) = preSolution
	EndGlobalSection
EndGlobal
